{
  "object": {
    "pins": [
      {
        "package": "LifeHash",
        "repositoryURL": "https://github.com/wolfmcnally/LifeHash.git",
        "state": {
          "branch": null,
          "revision": "42bd468dcfadbf65bc0a5b66b35c1506da51a7a3",
          "version": "4.1.0"
        }
      },
      {
        "package": "URKit",
        "repositoryURL": "https://github.com/BlockchainCommons/URKit.git",
        "state": {
          "branch": null,
          "revision": "0d507f9013db7d2e14b997c1942545dfc2f8645b",
          "version": "1.0.0"
        }
      },
      {
        "package": "WolfSwiftUI",
        "repositoryURL": "https://github.com/wolfmcnally/WolfSwiftUI.git",
        "state": {
          "branch": null,
          "revision": "8306402b7e98b69cc3cf453ca82788e986157ccb",
          "version": "1.1.1"
        }
      }
    ]
  },
  "version": 1
}
