// !$*UTF8*$!
{
	archiveVersion = 1;
	classes = {
	};
	objectVersion = 54;
	objects = {

/* Begin PBXBuildFile section */
		031F9F2624B2E51100B3A837 /* URDemoApp.swift in Sources */ = {isa = PBXBuildFile; fileRef = 031F9F2524B2E51100B3A837 /* URDemoApp.swift */; };
		031F9F2A24B2E51100B3A837 /* TopView.swift in Sources */ = {isa = PBXBuildFile; fileRef = 031F9F2924B2E51100B3A837 /* TopView.swift */; };
		031F9F2C24B2E51200B3A837 /* Assets.xcassets in Resources */ = {isa = PBXBuildFile; fileRef = 031F9F2B24B2E51200B3A837 /* Assets.xcassets */; };
		031F9F2F24B2E51200B3A837 /* Preview Assets.xcassets in Resources */ = {isa = PBXBuildFile; fileRef = 031F9F2E24B2E51200B3A837 /* Preview Assets.xcassets */; };
		031F9F3224B2E51200B3A837 /* LaunchScreen.storyboard in Resources */ = {isa = PBXBuildFile; fileRef = 031F9F3024B2E51200B3A837 /* LaunchScreen.storyboard */; };
		031F9F4B24B2EC2F00B3A837 /* ScenarioMenu.swift in Sources */ = {isa = PBXBuildFile; fileRef = 031F9F4A24B2EC2F00B3A837 /* ScenarioMenu.swift */; };
		031F9F4F24B2ED6E00B3A837 /* DisplayScenario.swift in Sources */ = {isa = PBXBuildFile; fileRef = 031F9F4E24B2ED6E00B3A837 /* DisplayScenario.swift */; };
		031F9F5124B2EE1B00B3A837 /* Scenario.swift in Sources */ = {isa = PBXBuildFile; fileRef = 031F9F5024B2EE1B00B3A837 /* Scenario.swift */; };
		031F9F5324B2EE5000B3A837 /* ScenarioMenuItem.swift in Sources */ = {isa = PBXBuildFile; fileRef = 031F9F5224B2EE5000B3A837 /* ScenarioMenuItem.swift */; };
		034FFFCC24B3D0B900E3B0D6 /* WolfSwiftUI in Frameworks */ = {isa = PBXBuildFile; productRef = 034FFFCB24B3D0B900E3B0D6 /* WolfSwiftUI */; };
		034FFFD024B3D8BE00E3B0D6 /* Utils.swift in Sources */ = {isa = PBXBuildFile; fileRef = 034FFFCF24B3D8BE00E3B0D6 /* Utils.swift */; };
		0376FBFE24B580A800BCFEA6 /* FeedbackGenerator.swift in Sources */ = {isa = PBXBuildFile; fileRef = 0376FBFD24B580A800BCFEA6 /* FeedbackGenerator.swift */; };
		0376FC0024B5812A00BCFEA6 /* Sounds in Resources */ = {isa = PBXBuildFile; fileRef = 0376FBFF24B5812A00BCFEA6 /* Sounds */; };
		0376FC0624B598A200BCFEA6 /* RectExtensions.swift in Sources */ = {isa = PBXBuildFile; fileRef = 0376FC0524B598A200BCFEA6 /* RectExtensions.swift */; };
		037BD9E2257220F1006D55DC /* URUI in Frameworks */ = {isa = PBXBuildFile; productRef = 037BD9E1257220F1006D55DC /* URUI */; };
		037BD9E72572265E006D55DC /* Scanner.swift in Sources */ = {isa = PBXBuildFile; fileRef = 037BD9E62572265E006D55DC /* Scanner.swift */; };
		037BD9E925722744006D55DC /* ScanFeedback.swift in Sources */ = {isa = PBXBuildFile; fileRef = 037BD9E825722744006D55DC /* ScanFeedback.swift */; };
		037BD9EB25722901006D55DC /* ScanControls.swift in Sources */ = {isa = PBXBuildFile; fileRef = 037BD9EA25722901006D55DC /* ScanControls.swift */; };
		037BD9ED25722BAA006D55DC /* IconButton.swift in Sources */ = {isa = PBXBuildFile; fileRef = 037BD9EC25722BAA006D55DC /* IconButton.swift */; };
		0399168924B6C3BA00AA4C63 /* ScanCompleteView.swift in Sources */ = {isa = PBXBuildFile; fileRef = 0399168824B6C3BA00AA4C63 /* ScanCompleteView.swift */; };
		0399168B24B6C9CE00AA4C63 /* URSummaryView.swift in Sources */ = {isa = PBXBuildFile; fileRef = 0399168A24B6C9CE00AA4C63 /* URSummaryView.swift */; };
		0399169024B7E43D00AA4C63 /* URKit in Frameworks */ = {isa = PBXBuildFile; productRef = 0399168F24B7E43D00AA4C63 /* URKit */; };
		0399169324B7E5AB00AA4C63 /* WolfSwiftUI in Frameworks */ = {isa = PBXBuildFile; productRef = 0399169224B7E5AB00AA4C63 /* WolfSwiftUI */; };
		793E2F6F2B1AE83C00D34FA7 /* WolfBase in Frameworks */ = {isa = PBXBuildFile; productRef = 793E2F6E2B1AE83C00D34FA7 /* WolfBase */; };
		79B8C95A28C8548A00DE967A /* LifeHash in Frameworks */ = {isa = PBXBuildFile; productRef = 79B8C95928C8548A00DE967A /* LifeHash */; };
/* End PBXBuildFile section */

/* Begin PBXCopyFilesBuildPhase section */
		031F9F5D24B2F78000B3A837 /* Embed Frameworks */ = {
			isa = PBXCopyFilesBuildPhase;
			buildActionMask = 2147483647;
			dstPath = "";
			dstSubfolderSpec = 10;
			files = (
			);
			name = "Embed Frameworks";
			runOnlyForDeploymentPostprocessing = 0;
		};
/* End PBXCopyFilesBuildPhase section */

/* Begin PBXFileReference section */
		030830402564E7C200011973 /* URDemo.entitlements */ = {isa = PBXFileReference; lastKnownFileType = text.plist.entitlements; path = URDemo.entitlements; sourceTree = "<group>"; };
		031F9F2224B2E51100B3A837 /* URDemo.app */ = {isa = PBXFileReference; explicitFileType = wrapper.application; includeInIndex = 0; path = URDemo.app; sourceTree = BUILT_PRODUCTS_DIR; };
		031F9F2524B2E51100B3A837 /* URDemoApp.swift */ = {isa = PBXFileReference; lastKnownFileType = sourcecode.swift; path = URDemoApp.swift; sourceTree = "<group>"; };
		031F9F2924B2E51100B3A837 /* TopView.swift */ = {isa = PBXFileReference; lastKnownFileType = sourcecode.swift; path = TopView.swift; sourceTree = "<group>"; };
		031F9F2B24B2E51200B3A837 /* Assets.xcassets */ = {isa = PBXFileReference; lastKnownFileType = folder.assetcatalog; path = Assets.xcassets; sourceTree = "<group>"; };
		031F9F2E24B2E51200B3A837 /* Preview Assets.xcassets */ = {isa = PBXFileReference; lastKnownFileType = folder.assetcatalog; path = "Preview Assets.xcassets"; sourceTree = "<group>"; };
		031F9F3124B2E51200B3A837 /* Base */ = {isa = PBXFileReference; lastKnownFileType = file.storyboard; name = Base; path = Base.lproj/LaunchScreen.storyboard; sourceTree = "<group>"; };
		031F9F3324B2E51200B3A837 /* Info.plist */ = {isa = PBXFileReference; lastKnownFileType = text.plist.xml; path = Info.plist; sourceTree = "<group>"; };
		031F9F4A24B2EC2F00B3A837 /* ScenarioMenu.swift */ = {isa = PBXFileReference; lastKnownFileType = sourcecode.swift; path = ScenarioMenu.swift; sourceTree = "<group>"; };
		031F9F4E24B2ED6E00B3A837 /* DisplayScenario.swift */ = {isa = PBXFileReference; lastKnownFileType = sourcecode.swift; path = DisplayScenario.swift; sourceTree = "<group>"; };
		031F9F5024B2EE1B00B3A837 /* Scenario.swift */ = {isa = PBXFileReference; lastKnownFileType = sourcecode.swift; path = Scenario.swift; sourceTree = "<group>"; };
		031F9F5224B2EE5000B3A837 /* ScenarioMenuItem.swift */ = {isa = PBXFileReference; lastKnownFileType = sourcecode.swift; path = ScenarioMenuItem.swift; sourceTree = "<group>"; };
		034FFFCF24B3D8BE00E3B0D6 /* Utils.swift */ = {isa = PBXFileReference; lastKnownFileType = sourcecode.swift; path = Utils.swift; sourceTree = "<group>"; };
		0376FBFD24B580A800BCFEA6 /* FeedbackGenerator.swift */ = {isa = PBXFileReference; lastKnownFileType = sourcecode.swift; path = FeedbackGenerator.swift; sourceTree = "<group>"; };
		0376FBFF24B5812A00BCFEA6 /* Sounds */ = {isa = PBXFileReference; fileEncoding = 4; lastKnownFileType = text; path = Sounds; sourceTree = SOURCE_ROOT; };
		0376FC0524B598A200BCFEA6 /* RectExtensions.swift */ = {isa = PBXFileReference; lastKnownFileType = sourcecode.swift; path = RectExtensions.swift; sourceTree = "<group>"; };
		037BD9E62572265E006D55DC /* Scanner.swift */ = {isa = PBXFileReference; fileEncoding = 4; lastKnownFileType = sourcecode.swift; path = Scanner.swift; sourceTree = "<group>"; };
		037BD9E825722744006D55DC /* ScanFeedback.swift */ = {isa = PBXFileReference; lastKnownFileType = sourcecode.swift; path = ScanFeedback.swift; sourceTree = "<group>"; };
		037BD9EA25722901006D55DC /* ScanControls.swift */ = {isa = PBXFileReference; fileEncoding = 4; lastKnownFileType = sourcecode.swift; path = ScanControls.swift; sourceTree = "<group>"; };
		037BD9EC25722BAA006D55DC /* IconButton.swift */ = {isa = PBXFileReference; lastKnownFileType = sourcecode.swift; path = IconButton.swift; sourceTree = "<group>"; };
		0399168824B6C3BA00AA4C63 /* ScanCompleteView.swift */ = {isa = PBXFileReference; lastKnownFileType = sourcecode.swift; path = ScanCompleteView.swift; sourceTree = "<group>"; };
		0399168A24B6C9CE00AA4C63 /* URSummaryView.swift */ = {isa = PBXFileReference; lastKnownFileType = sourcecode.swift; path = URSummaryView.swift; sourceTree = "<group>"; };
/* End PBXFileReference section */

/* Begin PBXFrameworksBuildPhase section */
		031F9F1F24B2E51100B3A837 /* Frameworks */ = {
			isa = PBXFrameworksBuildPhase;
			buildActionMask = 2147483647;
			files = (
				79B8C95A28C8548A00DE967A /* LifeHash in Frameworks */,
				0399169024B7E43D00AA4C63 /* URKit in Frameworks */,
				037BD9E2257220F1006D55DC /* URUI in Frameworks */,
				793E2F6F2B1AE83C00D34FA7 /* WolfBase in Frameworks */,
				0399169324B7E5AB00AA4C63 /* WolfSwiftUI in Frameworks */,
				034FFFCC24B3D0B900E3B0D6 /* WolfSwiftUI in Frameworks */,
			);
			runOnlyForDeploymentPostprocessing = 0;
		};
/* End PBXFrameworksBuildPhase section */

/* Begin PBXGroup section */
		031F9F1924B2E51100B3A837 = {
			isa = PBXGroup;
			children = (
				031F9F2424B2E51100B3A837 /* URDemo */,
				031F9F2324B2E51100B3A837 /* Products */,
				033E574824B3C0EB0050D468 /* Frameworks */,
			);
			sourceTree = "<group>";
		};
		031F9F2324B2E51100B3A837 /* Products */ = {
			isa = PBXGroup;
			children = (
				031F9F2224B2E51100B3A837 /* URDemo.app */,
			);
			name = Products;
			sourceTree = "<group>";
		};
		031F9F2424B2E51100B3A837 /* URDemo */ = {
			isa = PBXGroup;
			children = (
				030830402564E7C200011973 /* URDemo.entitlements */,
				031F9F2524B2E51100B3A837 /* URDemoApp.swift */,
				031F9F2924B2E51100B3A837 /* TopView.swift */,
				031F9F5024B2EE1B00B3A837 /* Scenario.swift */,
				031F9F5224B2EE5000B3A837 /* ScenarioMenuItem.swift */,
				031F9F4A24B2EC2F00B3A837 /* ScenarioMenu.swift */,
				031F9F4E24B2ED6E00B3A837 /* DisplayScenario.swift */,
				037BD9EC25722BAA006D55DC /* IconButton.swift */,
				034FFFCF24B3D8BE00E3B0D6 /* Utils.swift */,
				0376FBFD24B580A800BCFEA6 /* FeedbackGenerator.swift */,
				0376FC0524B598A200BCFEA6 /* RectExtensions.swift */,
				037BD9E62572265E006D55DC /* Scanner.swift */,
				0399168824B6C3BA00AA4C63 /* ScanCompleteView.swift */,
				0399168A24B6C9CE00AA4C63 /* URSummaryView.swift */,
				037BD9E825722744006D55DC /* ScanFeedback.swift */,
				037BD9EA25722901006D55DC /* ScanControls.swift */,
				0376FBFF24B5812A00BCFEA6 /* Sounds */,
				031F9F2B24B2E51200B3A837 /* Assets.xcassets */,
				031F9F3024B2E51200B3A837 /* LaunchScreen.storyboard */,
				031F9F3324B2E51200B3A837 /* Info.plist */,
				031F9F2D24B2E51200B3A837 /* Preview Content */,
			);
			path = URDemo;
			sourceTree = "<group>";
		};
		031F9F2D24B2E51200B3A837 /* Preview Content */ = {
			isa = PBXGroup;
			children = (
				031F9F2E24B2E51200B3A837 /* Preview Assets.xcassets */,
			);
			path = "Preview Content";
			sourceTree = "<group>";
		};
		033E574824B3C0EB0050D468 /* Frameworks */ = {
			isa = PBXGroup;
			children = (
			);
			name = Frameworks;
			sourceTree = "<group>";
		};
/* End PBXGroup section */

/* Begin PBXNativeTarget section */
		031F9F2124B2E51100B3A837 /* URDemo */ = {
			isa = PBXNativeTarget;
			buildConfigurationList = 031F9F4124B2E51200B3A837 /* Build configuration list for PBXNativeTarget "URDemo" */;
			buildPhases = (
				031F9F1E24B2E51100B3A837 /* Sources */,
				031F9F1F24B2E51100B3A837 /* Frameworks */,
				031F9F2024B2E51100B3A837 /* Resources */,
				031F9F5D24B2F78000B3A837 /* Embed Frameworks */,
			);
			buildRules = (
			);
			dependencies = (
			);
			name = URDemo;
			packageProductDependencies = (
				034FFFCB24B3D0B900E3B0D6 /* WolfSwiftUI */,
				0399168F24B7E43D00AA4C63 /* URKit */,
				0399169224B7E5AB00AA4C63 /* WolfSwiftUI */,
				037BD9E1257220F1006D55DC /* URUI */,
				79B8C95928C8548A00DE967A /* LifeHash */,
				793E2F6E2B1AE83C00D34FA7 /* WolfBase */,
			);
			productName = URDemo;
			productReference = 031F9F2224B2E51100B3A837 /* URDemo.app */;
			productType = "com.apple.product-type.application";
		};
/* End PBXNativeTarget section */

/* Begin PBXProject section */
		031F9F1A24B2E51100B3A837 /* Project object */ = {
			isa = PBXProject;
			attributes = {
				BuildIndependentTargetsInParallel = YES;
				LastSwiftUpdateCheck = 1150;
				LastUpgradeCheck = 1500;
				ORGANIZATIONNAME = "Arciem LLC";
				TargetAttributes = {
					031F9F2124B2E51100B3A837 = {
						CreatedOnToolsVersion = 11.5;
					};
				};
			};
			buildConfigurationList = 031F9F1D24B2E51100B3A837 /* Build configuration list for PBXProject "URDemo" */;
			compatibilityVersion = "Xcode 9.3";
			developmentRegion = en;
			hasScannedForEncodings = 0;
			knownRegions = (
				en,
				Base,
			);
			mainGroup = 031F9F1924B2E51100B3A837;
			packageReferences = (
				0399168E24B7E43D00AA4C63 /* XCRemoteSwiftPackageReference "URKit" */,
				0399169124B7E5AB00AA4C63 /* XCRemoteSwiftPackageReference "WolfSwiftUI" */,
				037BD9E0257220F1006D55DC /* XCRemoteSwiftPackageReference "URUI" */,
				79B8C95828C8548A00DE967A /* XCRemoteSwiftPackageReference "LifeHash" */,
				793E2F6D2B1AE83C00D34FA7 /* XCRemoteSwiftPackageReference "WolfBase" */,
			);
			productRefGroup = 031F9F2324B2E51100B3A837 /* Products */;
			projectDirPath = "";
			projectRoot = "";
			targets = (
				031F9F2124B2E51100B3A837 /* URDemo */,
			);
		};
/* End PBXProject section */

/* Begin PBXResourcesBuildPhase section */
		031F9F2024B2E51100B3A837 /* Resources */ = {
			isa = PBXResourcesBuildPhase;
			buildActionMask = 2147483647;
			files = (
				031F9F3224B2E51200B3A837 /* LaunchScreen.storyboard in Resources */,
				031F9F2F24B2E51200B3A837 /* Preview Assets.xcassets in Resources */,
				0376FC0024B5812A00BCFEA6 /* Sounds in Resources */,
				031F9F2C24B2E51200B3A837 /* Assets.xcassets in Resources */,
			);
			runOnlyForDeploymentPostprocessing = 0;
		};
/* End PBXResourcesBuildPhase section */

/* Begin PBXSourcesBuildPhase section */
		031F9F1E24B2E51100B3A837 /* Sources */ = {
			isa = PBXSourcesBuildPhase;
			buildActionMask = 2147483647;
			files = (
				031F9F5324B2EE5000B3A837 /* ScenarioMenuItem.swift in Sources */,
				0399168B24B6C9CE00AA4C63 /* URSummaryView.swift in Sources */,
				037BD9EB25722901006D55DC /* ScanControls.swift in Sources */,
				031F9F2624B2E51100B3A837 /* URDemoApp.swift in Sources */,
				037BD9E925722744006D55DC /* ScanFeedback.swift in Sources */,
				0376FC0624B598A200BCFEA6 /* RectExtensions.swift in Sources */,
				0399168924B6C3BA00AA4C63 /* ScanCompleteView.swift in Sources */,
				031F9F2A24B2E51100B3A837 /* TopView.swift in Sources */,
				031F9F4F24B2ED6E00B3A837 /* DisplayScenario.swift in Sources */,
				037BD9ED25722BAA006D55DC /* IconButton.swift in Sources */,
				0376FBFE24B580A800BCFEA6 /* FeedbackGenerator.swift in Sources */,
				034FFFD024B3D8BE00E3B0D6 /* Utils.swift in Sources */,
				031F9F4B24B2EC2F00B3A837 /* ScenarioMenu.swift in Sources */,
				037BD9E72572265E006D55DC /* Scanner.swift in Sources */,
				031F9F5124B2EE1B00B3A837 /* Scenario.swift in Sources */,
			);
			runOnlyForDeploymentPostprocessing = 0;
		};
/* End PBXSourcesBuildPhase section */

/* Begin PBXVariantGroup section */
		031F9F3024B2E51200B3A837 /* LaunchScreen.storyboard */ = {
			isa = PBXVariantGroup;
			children = (
				031F9F3124B2E51200B3A837 /* Base */,
			);
			name = LaunchScreen.storyboard;
			sourceTree = "<group>";
		};
/* End PBXVariantGroup section */

/* Begin XCBuildConfiguration section */
		031F9F3F24B2E51200B3A837 /* Debug */ = {
			isa = XCBuildConfiguration;
			buildSettings = {
				ALWAYS_SEARCH_USER_PATHS = NO;
				CLANG_ANALYZER_NONNULL = YES;
				CLANG_ANALYZER_NUMBER_OBJECT_CONVERSION = YES_AGGRESSIVE;
				CLANG_CXX_LANGUAGE_STANDARD = "gnu++14";
				CLANG_CXX_LIBRARY = "libc++";
				CLANG_ENABLE_MODULES = YES;
				CLANG_ENABLE_OBJC_ARC = YES;
				CLANG_ENABLE_OBJC_WEAK = YES;
				CLANG_WARN_BLOCK_CAPTURE_AUTORELEASING = YES;
				CLANG_WARN_BOOL_CONVERSION = YES;
				CLANG_WARN_COMMA = YES;
				CLANG_WARN_CONSTANT_CONVERSION = YES;
				CLANG_WARN_DEPRECATED_OBJC_IMPLEMENTATIONS = YES;
				CLANG_WARN_DIRECT_OBJC_ISA_USAGE = YES_ERROR;
				CLANG_WARN_DOCUMENTATION_COMMENTS = YES;
				CLANG_WARN_EMPTY_BODY = YES;
				CLANG_WARN_ENUM_CONVERSION = YES;
				CLANG_WARN_INFINITE_RECURSION = YES;
				CLANG_WARN_INT_CONVERSION = YES;
				CLANG_WARN_NON_LITERAL_NULL_CONVERSION = YES;
				CLANG_WARN_OBJC_IMPLICIT_RETAIN_SELF = YES;
				CLANG_WARN_OBJC_LITERAL_CONVERSION = YES;
				CLANG_WARN_OBJC_ROOT_CLASS = YES_ERROR;
				CLANG_WARN_QUOTED_INCLUDE_IN_FRAMEWORK_HEADER = YES;
				CLANG_WARN_RANGE_LOOP_ANALYSIS = YES;
				CLANG_WARN_STRICT_PROTOTYPES = YES;
				CLANG_WARN_SUSPICIOUS_MOVE = YES;
				CLANG_WARN_UNGUARDED_AVAILABILITY = YES_AGGRESSIVE;
				CLANG_WARN_UNREACHABLE_CODE = YES;
				CLANG_WARN__DUPLICATE_METHOD_MATCH = YES;
				COPY_PHASE_STRIP = NO;
				DEBUG_INFORMATION_FORMAT = dwarf;
				ENABLE_STRICT_OBJC_MSGSEND = YES;
				ENABLE_TESTABILITY = YES;
				ENABLE_USER_SCRIPT_SANDBOXING = YES;
				GCC_C_LANGUAGE_STANDARD = gnu11;
				GCC_DYNAMIC_NO_PIC = NO;
				GCC_NO_COMMON_BLOCKS = YES;
				GCC_OPTIMIZATION_LEVEL = 0;
				GCC_PREPROCESSOR_DEFINITIONS = (
					"DEBUG=1",
					"$(inherited)",
				);
				GCC_WARN_64_TO_32_BIT_CONVERSION = YES;
				GCC_WARN_ABOUT_RETURN_TYPE = YES_ERROR;
				GCC_WARN_UNDECLARED_SELECTOR = YES;
				GCC_WARN_UNINITIALIZED_AUTOS = YES_AGGRESSIVE;
				GCC_WARN_UNUSED_FUNCTION = YES;
				GCC_WARN_UNUSED_VARIABLE = YES;
				IPHONEOS_DEPLOYMENT_TARGET = 13.5;
				MTL_ENABLE_DEBUG_INFO = INCLUDE_SOURCE;
				MTL_FAST_MATH = YES;
				ONLY_ACTIVE_ARCH = YES;
				SDKROOT = iphoneos;
				SWIFT_ACTIVE_COMPILATION_CONDITIONS = DEBUG;
				SWIFT_OPTIMIZATION_LEVEL = "-Onone";
			};
			name = Debug;
		};
		031F9F4024B2E51200B3A837 /* Release */ = {
			isa = XCBuildConfiguration;
			buildSettings = {
				ALWAYS_SEARCH_USER_PATHS = NO;
				CLANG_ANALYZER_NONNULL = YES;
				CLANG_ANALYZER_NUMBER_OBJECT_CONVERSION = YES_AGGRESSIVE;
				CLANG_CXX_LANGUAGE_STANDARD = "gnu++14";
				CLANG_CXX_LIBRARY = "libc++";
				CLANG_ENABLE_MODULES = YES;
				CLANG_ENABLE_OBJC_ARC = YES;
				CLANG_ENABLE_OBJC_WEAK = YES;
				CLANG_WARN_BLOCK_CAPTURE_AUTORELEASING = YES;
				CLANG_WARN_BOOL_CONVERSION = YES;
				CLANG_WARN_COMMA = YES;
				CLANG_WARN_CONSTANT_CONVERSION = YES;
				CLANG_WARN_DEPRECATED_OBJC_IMPLEMENTATIONS = YES;
				CLANG_WARN_DIRECT_OBJC_ISA_USAGE = YES_ERROR;
				CLANG_WARN_DOCUMENTATION_COMMENTS = YES;
				CLANG_WARN_EMPTY_BODY = YES;
				CLANG_WARN_ENUM_CONVERSION = YES;
				CLANG_WARN_INFINITE_RECURSION = YES;
				CLANG_WARN_INT_CONVERSION = YES;
				CLANG_WARN_NON_LITERAL_NULL_CONVERSION = YES;
				CLANG_WARN_OBJC_IMPLICIT_RETAIN_SELF = YES;
				CLANG_WARN_OBJC_LITERAL_CONVERSION = YES;
				CLANG_WARN_OBJC_ROOT_CLASS = YES_ERROR;
				CLANG_WARN_QUOTED_INCLUDE_IN_FRAMEWORK_HEADER = YES;
				CLANG_WARN_RANGE_LOOP_ANALYSIS = YES;
				CLANG_WARN_STRICT_PROTOTYPES = YES;
				CLANG_WARN_SUSPICIOUS_MOVE = YES;
				CLANG_WARN_UNGUARDED_AVAILABILITY = YES_AGGRESSIVE;
				CLANG_WARN_UNREACHABLE_CODE = YES;
				CLANG_WARN__DUPLICATE_METHOD_MATCH = YES;
				COPY_PHASE_STRIP = NO;
				DEBUG_INFORMATION_FORMAT = "dwarf-with-dsym";
				ENABLE_NS_ASSERTIONS = NO;
				ENABLE_STRICT_OBJC_MSGSEND = YES;
				ENABLE_USER_SCRIPT_SANDBOXING = YES;
				GCC_C_LANGUAGE_STANDARD = gnu11;
				GCC_NO_COMMON_BLOCKS = YES;
				GCC_WARN_64_TO_32_BIT_CONVERSION = YES;
				GCC_WARN_ABOUT_RETURN_TYPE = YES_ERROR;
				GCC_WARN_UNDECLARED_SELECTOR = YES;
				GCC_WARN_UNINITIALIZED_AUTOS = YES_AGGRESSIVE;
				GCC_WARN_UNUSED_FUNCTION = YES;
				GCC_WARN_UNUSED_VARIABLE = YES;
				IPHONEOS_DEPLOYMENT_TARGET = 13.5;
				MTL_ENABLE_DEBUG_INFO = NO;
				MTL_FAST_MATH = YES;
				SDKROOT = iphoneos;
				SWIFT_COMPILATION_MODE = wholemodule;
				SWIFT_OPTIMIZATION_LEVEL = "-O";
				VALIDATE_PRODUCT = YES;
			};
			name = Release;
		};
		031F9F4224B2E51200B3A837 /* Debug */ = {
			isa = XCBuildConfiguration;
			buildSettings = {
				ASSETCATALOG_COMPILER_APPICON_NAME = AppIcon;
				CODE_SIGN_ENTITLEMENTS = URDemo/URDemo.entitlements;
				CODE_SIGN_STYLE = Automatic;
				CURRENT_PROJECT_VERSION = 5;
				DEVELOPMENT_ASSET_PATHS = "\"URDemo/Preview Content\"";
				DEVELOPMENT_TEAM = YZHG975W3A;
				ENABLE_PREVIEWS = YES;
				FRAMEWORK_SEARCH_PATHS = (
					"$(inherited)",
					"$(PROJECT_DIR)/Frameworks",
				);
				INFOPLIST_FILE = URDemo/Info.plist;
				IPHONEOS_DEPLOYMENT_TARGET = 15.0;
				LD_RUNPATH_SEARCH_PATHS = (
					"$(inherited)",
					"@executable_path/Frameworks",
				);
				MARKETING_VERSION = 2.1.1;
				OTHER_LDFLAGS = "-lc++";
				PRODUCT_BUNDLE_IDENTIFIER = blockchaincommons.URDemo;
				PRODUCT_NAME = "$(TARGET_NAME)";
				SUPPORTS_MACCATALYST = YES;
				SUPPORTS_MAC_DESIGNED_FOR_IPHONE_IPAD = NO;
				SWIFT_VERSION = 5.0;
				TARGETED_DEVICE_FAMILY = "1,2";
			};
			name = Debug;
		};
		031F9F4324B2E51200B3A837 /* Release */ = {
			isa = XCBuildConfiguration;
			buildSettings = {
				ASSETCATALOG_COMPILER_APPICON_NAME = AppIcon;
				CODE_SIGN_ENTITLEMENTS = URDemo/URDemo.entitlements;
				CODE_SIGN_STYLE = Automatic;
				CURRENT_PROJECT_VERSION = 5;
				DEVELOPMENT_ASSET_PATHS = "\"URDemo/Preview Content\"";
				DEVELOPMENT_TEAM = YZHG975W3A;
				ENABLE_PREVIEWS = YES;
				FRAMEWORK_SEARCH_PATHS = (
					"$(inherited)",
					"$(PROJECT_DIR)/Frameworks",
				);
				INFOPLIST_FILE = URDemo/Info.plist;
				IPHONEOS_DEPLOYMENT_TARGET = 15.0;
				LD_RUNPATH_SEARCH_PATHS = (
					"$(inherited)",
					"@executable_path/Frameworks",
				);
				MARKETING_VERSION = 2.1.1;
				OTHER_LDFLAGS = "-lc++";
				PRODUCT_BUNDLE_IDENTIFIER = blockchaincommons.URDemo;
				PRODUCT_NAME = "$(TARGET_NAME)";
				SUPPORTS_MACCATALYST = YES;
				SUPPORTS_MAC_DESIGNED_FOR_IPHONE_IPAD = NO;
				SWIFT_VERSION = 5.0;
				TARGETED_DEVICE_FAMILY = "1,2";
			};
			name = Release;
		};
/* End XCBuildConfiguration section */

/* Begin XCConfigurationList section */
		031F9F1D24B2E51100B3A837 /* Build configuration list for PBXProject "URDemo" */ = {
			isa = XCConfigurationList;
			buildConfigurations = (
				031F9F3F24B2E51200B3A837 /* Debug */,
				031F9F4024B2E51200B3A837 /* Release */,
			);
			defaultConfigurationIsVisible = 0;
			defaultConfigurationName = Release;
		};
		031F9F4124B2E51200B3A837 /* Build configuration list for PBXNativeTarget "URDemo" */ = {
			isa = XCConfigurationList;
			buildConfigurations = (
				031F9F4224B2E51200B3A837 /* Debug */,
				031F9F4324B2E51200B3A837 /* Release */,
			);
			defaultConfigurationIsVisible = 0;
			defaultConfigurationName = Release;
		};
/* End XCConfigurationList section */

/* Begin XCRemoteSwiftPackageReference section */
		037BD9E0257220F1006D55DC /* XCRemoteSwiftPackageReference "URUI" */ = {
			isa = XCRemoteSwiftPackageReference;
			repositoryURL = "https://github.com/BlockchainCommons/URUI.git";
			requirement = {
				kind = upToNextMajorVersion;
				minimumVersion = 9.0.0;
			};
		};
		0399168E24B7E43D00AA4C63 /* XCRemoteSwiftPackageReference "URKit" */ = {
			isa = XCRemoteSwiftPackageReference;
			repositoryURL = "https://github.com/BlockchainCommons/URKit.git";
			requirement = {
				kind = upToNextMajorVersion;
				minimumVersion = 12.0.0;
			};
		};
		0399169124B7E5AB00AA4C63 /* XCRemoteSwiftPackageReference "WolfSwiftUI" */ = {
			isa = XCRemoteSwiftPackageReference;
			repositoryURL = "https://github.com/wolfmcnally/WolfSwiftUI.git";
			requirement = {
				kind = upToNextMajorVersion;
				minimumVersion = 3.0.0;
			};
		};
		793E2F6D2B1AE83C00D34FA7 /* XCRemoteSwiftPackageReference "WolfBase" */ = {
			isa = XCRemoteSwiftPackageReference;
			repositoryURL = "https://github.com/wolfmcnally/WolfBase.git";
			requirement = {
				kind = upToNextMajorVersion;
				minimumVersion = 6.0.0;
			};
		};
		79B8C95828C8548A00DE967A /* XCRemoteSwiftPackageReference "LifeHash" */ = {
			isa = XCRemoteSwiftPackageReference;
			repositoryURL = "https://github.com/BlockchainCommons/LifeHash.git";
			requirement = {
				kind = upToNextMajorVersion;
				minimumVersion = 7.0.0;
			};
		};
/* End XCRemoteSwiftPackageReference section */

/* Begin XCSwiftPackageProductDependency section */
		034FFFCB24B3D0B900E3B0D6 /* WolfSwiftUI */ = {
			isa = XCSwiftPackageProductDependency;
			productName = WolfSwiftUI;
		};
		037BD9E1257220F1006D55DC /* URUI */ = {
			isa = XCSwiftPackageProductDependency;
			package = 037BD9E0257220F1006D55DC /* XCRemoteSwiftPackageReference "URUI" */;
			productName = URUI;
		};
		0399168F24B7E43D00AA4C63 /* URKit */ = {
			isa = XCSwiftPackageProductDependency;
			package = 0399168E24B7E43D00AA4C63 /* XCRemoteSwiftPackageReference "URKit" */;
			productName = URKit;
		};
		0399169224B7E5AB00AA4C63 /* WolfSwiftUI */ = {
			isa = XCSwiftPackageProductDependency;
			package = 0399169124B7E5AB00AA4C63 /* XCRemoteSwiftPackageReference "WolfSwiftUI" */;
			productName = WolfSwiftUI;
		};
		793E2F6E2B1AE83C00D34FA7 /* WolfBase */ = {
			isa = XCSwiftPackageProductDependency;
			package = 793E2F6D2B1AE83C00D34FA7 /* XCRemoteSwiftPackageReference "WolfBase" */;
			productName = WolfBase;
		};
		79B8C95928C8548A00DE967A /* LifeHash */ = {
			isa = XCSwiftPackageProductDependency;
			package = 79B8C95828C8548A00DE967A /* XCRemoteSwiftPackageReference "LifeHash" */;
			productName = LifeHash;
		};
/* End XCSwiftPackageProductDependency section */
	};
	rootObject = 031F9F1A24B2E51100B3A837 /* Project object */;
}
