{
  "pins" : [
    {
      "identity" : "bc-lifehash",
      "kind" : "remoteSourceControl",
      "location" : "https://github.com/BlockchainCommons/bc-lifehash",
      "state" : {
        "revision" : "518f4398982a327fd14d745d192e28b23f44463f",
        "version" : "0.4.0"
      }
    },
    {
      "identity" : "lifehash",
      "kind" : "remoteSourceControl",
      "location" : "https://github.com/BlockchainCommons/LifeHash.git",
      "state" : {
        "revision" : "37578f87440d1efd37f0e4cf11af3463303b6b46",
        "version" : "6.3.1"
      }
    },
    {
      "identity" : "urkit",
      "kind" : "remoteSourceControl",
      "location" : "https://github.com/BlockchainCommons/URKit.git",
      "state" : {
        "revision" : "1b36dc6c6dbf2b851e02e008eaea85b68b102ecc",
        "version" : "7.4.2"
      }
    },
    {
      "identity" : "urui",
      "kind" : "remoteSourceControl",
      "location" : "https://github.com/BlockchainCommons/URUI.git",
      "state" : {
        "revision" : "c5a1048adbb76164db42d87e2c46a1cc2979aa19",
        "version" : "4.0.4"
      }
    },
    {
      "identity" : "wolfbase",
      "kind" : "remoteSourceControl",
      "location" : "https://github.com/wolfmcnally/WolfBase",
      "state" : {
        "revision" : "098eaa6bb1d28fd01c36cd6030bee4e4209c4ca3",
        "version" : "4.5.1"
      }
    },
    {
      "identity" : "wolfswiftui",
      "kind" : "remoteSourceControl",
      "location" : "https://github.com/wolfmcnally/WolfSwiftUI.git",
      "state" : {
        "revision" : "ffbc163dd5ce6ea82be9e1890ee59e1dee2ce80d",
        "version" : "2.2.0"
      }
    }
  ],
  "version" : 2
}
